
Microsoft Visual Studio Solution File, Format Version 12.00
# Visual Studio Version 17
VisualStudioVersion = 17.8.34212.112
MinimumVisualStudioVersion = 10.0.40219.1
Project("{FAE04EC0-301F-11D3-BF4B-00C04F79EFBC}") = "Web", "Web\Web.csproj", "{711AF389-1CC1-48AF-AD98-740985509F96}"
EndProject
Global
	GlobalSection(SolutionConfigurationPlatforms) = preSolution
		Debug|Any CPU = Debug|Any CPU
		Release|Any CPU = Release|Any CPU
	EndGlobalSection
	GlobalSection(ProjectConfigurationPlatforms) = postSolution
		{711AF389-1CC1-48AF-AD98-740985509F96}.Debug|Any CPU.ActiveCfg = Debug|Any CPU
		{711AF389-1CC1-48AF-AD98-740985509F96}.Debug|Any CPU.Build.0 = Debug|Any CPU
		{711AF389-1CC1-48AF-AD98-740985509F96}.Release|Any CPU.ActiveCfg = Release|Any CPU
		{711AF389-1CC1-48AF-AD98-740985509F96}.Release|Any CPU.Build.0 = Release|Any CPU
	EndGlobalSection
	GlobalSection(SolutionProperties) = preSolution
		HideSolutionNode = FALSE
	EndGlobalSection
	GlobalSection(ExtensibilityGlobals) = postSolution
		SolutionGuid = {4E688CC2-17E3-403F-BC4A-D4ED2370FE37}
	EndGlobalSection
EndGlobal
